
Microsoft Visual Studio Solution File, Format Version 12.00
# Visual Studio Version 17
VisualStudioVersion = 17.1.32319.34
MinimumVisualStudioVersion = 10.0.40219.1
Project("{FAE04EC0-301F-11D3-BF4B-00C04F79EFBC}") = "Space-Invaders", "Space-Invaders\Space-Invaders.csproj", "{076183FD-180E-4EDB-B3B5-588720631349}"
EndProject
Global
	GlobalSection(SolutionConfigurationPlatforms) = preSolution
		Debug|Any CPU = Debug|Any CPU
		Release|Any CPU = Release|Any CPU
	EndGlobalSection
	GlobalSection(ProjectConfigurationPlatforms) = postSolution
		{076183FD-180E-4EDB-B3B5-588720631349}.Debug|Any CPU.ActiveCfg = Debug|Any CPU
		{076183FD-180E-4EDB-B3B5-588720631349}.Debug|Any CPU.Build.0 = Debug|Any CPU
		{076183FD-180E-4EDB-B3B5-588720631349}.Release|Any CPU.ActiveCfg = Release|Any CPU
		{076183FD-180E-4EDB-B3B5-588720631349}.Release|Any CPU.Build.0 = Release|Any CPU
	EndGlobalSection
	GlobalSection(SolutionProperties) = preSolution
		HideSolutionNode = FALSE
	EndGlobalSection
	GlobalSection(ExtensibilityGlobals) = postSolution
		SolutionGuid = {872C6BDD-EECC-48F6-A2D7-C21748E5F2AC}
	EndGlobalSection
EndGlobal
